
Microsoft Visual Studio Solution File, Format Version 12.00
# Visual Studio Version 16
VisualStudioVersion = 16.0.30717.126
MinimumVisualStudioVersion = 10.0.40219.1
Project("{FAE04EC0-301F-11D3-BF4B-00C04F79EFBC}") = "Demo5", "Demo5.csproj", "{9657A0E6-978C-412C-A9D2-4E8F14279D8A}"
EndProject
Global
	GlobalSection(SolutionConfigurationPlatforms) = preSolution
		Debug|Any CPU = Debug|Any CPU
		Release|Any CPU = Release|Any CPU
	EndGlobalSection
	GlobalSection(ProjectConfigurationPlatforms) = postSolution
		{9657A0E6-978C-412C-A9D2-4E8F14279D8A}.Debug|Any CPU.ActiveCfg = Debug|Any CPU
		{9657A0E6-978C-412C-A9D2-4E8F14279D8A}.Debug|Any CPU.Build.0 = Debug|Any CPU
		{9657A0E6-978C-412C-A9D2-4E8F14279D8A}.Release|Any CPU.ActiveCfg = Release|Any CPU
		{9657A0E6-978C-412C-A9D2-4E8F14279D8A}.Release|Any CPU.Build.0 = Release|Any CPU
	EndGlobalSection
	GlobalSection(SolutionProperties) = preSolution
		HideSolutionNode = FALSE
	EndGlobalSection
	GlobalSection(ExtensibilityGlobals) = postSolution
		SolutionGuid = {F0CA3CF6-830B-4EFC-AA00-8CCE867AAF0E}
	EndGlobalSection
EndGlobal
